# This file is autogenerated, do not edit; changes may be undone by the next 'dep ensure'.


[[projects]]
  branch = "master"
  digest = "1:739c9ec359b9f06cf0fd0cd40dfb609340225956935595625419ed5e414f345a"
  name = "github.com/Bowery/prompt"
  packages = ["."]
  pruneopts = "UT"
  revision = "8a1d5376df1cbec3468f2138fecc44dd8b48e342"

[[projects]]
  branch = "master"
  digest = "1:25325f2f882e401741d5911d0cca1f59107840f7ca37169bf815a698fbb77436"
  name = "github.com/gocarina/gocsv"
  packages = ["."]
  pruneopts = "UT"
  revision = "2a8c07cdf70173b2727647678b9ed9ca36235165"

[[projects]]
  digest = "1:d07571e9c31918ae15bc200402774f84fa7f277ac77c8d61e523a268bc43c0ff"
  name = "github.com/labstack/gommon"
  packages = ["color"]
  pruneopts = "UT"
  revision = "7fd9f68ece0bcb1a905fac8f1549f0083f71c51b"
  version = "v0.2.8"

[[projects]]
  digest = "1:0f96ec4151a24d7bfd4298fc13cc320a000e31b4e5431cf88e3ffc961db846fd"
  name = "github.com/mattn/go-colorable"
  packages = ["."]
  pruneopts = "UT"
  revision = "efa589957cd060542a26d2dd7832fd6a6c6c3ade"
  version = "v0.1.0"

[[projects]]
  digest = "1:0981502f9816113c9c8c4ac301583841855c8cf4da8c72f696b3ebedf6d0e4e5"
  name = "github.com/mattn/go-isatty"
  packages = ["."]
  pruneopts = "UT"
  revision = "6ca4dbf54d38eea1a992b3c722a76a5d1c4cb25c"
  version = "v0.0.4"

[[projects]]
  branch = "master"
  digest = "1:96bbcaba9abde2f1982baa3a91659727bd76d6e2184ec2ff2d06c8448c88dad7"
  name = "github.com/mkideal/cli"
  packages = [
    ".",
    "ext",
  ]
  pruneopts = "UT"
  revision = "a48c2cee5b5ee91096961d344681edc2083b9422"

[[projects]]
  branch = "master"
  digest = "1:414a994970344a6fa5daf0d1d94e27f6dfd7efd9914bc95b1e32a115faebf340"
  name = "github.com/mkideal/pkg"
  packages = [
    "debug",
    "expr",
    "osutil/pid",
  ]
  pruneopts = "UT"
  revision = "3e188c9e7ecc83d0fe7040a9161ce3c67885470d"

[[projects]]
  branch = "master"
  digest = "1:8207c052fb873f83c61a5aa16f6add5feb9881eda2112b56f69fd3b9e7f55c3f"
  name = "golang.org/x/sys"
  packages = ["unix"]
  pruneopts = "UT"
  revision = "d0b11bdaac8adb652bff00e49bcacf992835621a"

[solve-meta]
  analyzer-name = "dep"
  analyzer-version = 1
  input-imports = [
    "github.com/gocarina/gocsv",
    "github.com/mkideal/cli",
    "github.com/mkideal/cli/ext",
  ]
  solver-name = "gps-cdcl"
  solver-version = 1
